
Microsoft Visual Studio Solution File, Format Version 12.00
# Visual Studio Version 17
VisualStudioVersion = 17.8.34330.188
MinimumVisualStudioVersion = 10.0.40219.1
Project("{888888A0-9F3D-457C-B088-3A5042F75D52}") = "PythonMP3TagConvertor", "PythonMP3TagConvertor\PythonMP3TagConvertor.pyproj", "{D549B0D5-CD93-4535-B9CC-72D9DAF859B8}"
EndProject
Global
	GlobalSection(SolutionConfigurationPlatforms) = preSolution
		Debug|Any CPU = Debug|Any CPU
		Release|Any CPU = Release|Any CPU
	EndGlobalSection
	GlobalSection(ProjectConfigurationPlatforms) = postSolution
		{D549B0D5-CD93-4535-B9CC-72D9DAF859B8}.Debug|Any CPU.ActiveCfg = Debug|Any CPU
		{D549B0D5-CD93-4535-B9CC-72D9DAF859B8}.Release|Any CPU.ActiveCfg = Release|Any CPU
	EndGlobalSection
	GlobalSection(SolutionProperties) = preSolution
		HideSolutionNode = FALSE
	EndGlobalSection
	GlobalSection(ExtensibilityGlobals) = postSolution
		SolutionGuid = {229D2BC6-2C37-4EAC-ABCE-F64D93A5A9EB}
	EndGlobalSection
EndGlobal
